// !$*UTF8*$!
{
	archiveVersion = 1;
	classes = {
	};
	objectVersion = 71;
	objects = {

/* Begin PBXBuildFile section */
		A10000010000000000000001 /* ContentView.swift in Sources */ = {isa = PBXBuildFile; fileRef = A20000010000000000000001 /* ContentView.swift */; };
		A10000010000000000000002 /* RubyKmpPlayerExampleApp.swift in Sources */ = {isa = PBXBuildFile; fileRef = A20000010000000000000002 /* RubyKmpPlayerExampleApp.swift */; };
		A10000010000000000000003 /* RubyExampleComposeApp.xcframework in Frameworks */ = {isa = PBXBuildFile; fileRef = A20000010000000000000003 /* RubyExampleComposeApp.xcframework */; };
/* End PBXBuildFile section */

/* Begin PBXFileReference section */
		A20000010000000000000001 /* ContentView.swift */ = {isa = PBXFileReference; lastKnownFileType = sourcecode.swift; path = ContentView.swift; sourceTree = "<group>"; };
		A20000010000000000000002 /* RubyKmpPlayerExampleApp.swift */ = {isa = PBXFileReference; lastKnownFileType = sourcecode.swift; path = RubyKmpPlayerExampleApp.swift; sourceTree = "<group>"; };
		A20000010000000000000003 /* RubyExampleComposeApp.xcframework */ = {isa = PBXFileReference; explicitFileType = wrapper.xcframework; name = RubyExampleComposeApp.xcframework; path = ../example/composeApp/build/xcode-frameworks/debug/RubyExampleComposeApp.xcframework; sourceTree = "<group>"; };
		A20000010000000000000004 /* RubyKmpPlayerExample.app */ = {isa = PBXFileReference; explicitFileType = wrapper.application; includeInIndex = 0; path = RubyKmpPlayerExample.app; sourceTree = BUILT_PRODUCTS_DIR; };
		A20000010000000000000005 /* Info.plist */ = {isa = PBXFileReference; lastKnownFileType = text.plist.xml; path = Info.plist; sourceTree = "<group>"; };
/* End PBXFileReference section */

/* Begin PBXFrameworksBuildPhase section */
		A30000010000000000000001 /* Frameworks */ = {
			isa = PBXFrameworksBuildPhase;
			buildActionMask = 2147483647;
			files = (
				A10000010000000000000003 /* RubyExampleComposeApp.xcframework in Frameworks */,
			);
			runOnlyForDeploymentPostprocessing = 0;
		};
/* End PBXFrameworksBuildPhase section */

/* Begin PBXGroup section */
		A40000010000000000000001 = {
			isa = PBXGroup;
			children = (
				A40000010000000000000002,
				A40000010000000000000003 /* Frameworks */,
				A40000010000000000000004 /* Products */,
			);
			sourceTree = "<group>";
		};
		A40000010000000000000002 = {
			isa = PBXGroup;
			children = (
				A20000010000000000000001 /* ContentView.swift */,
				A20000010000000000000002 /* RubyKmpPlayerExampleApp.swift */,
				A20000010000000000000005 /* Info.plist */,
			);
			sourceTree = "<group>";
		};
		A40000010000000000000003 /* Frameworks */ = {
			isa = PBXGroup;
			children = (
				A20000010000000000000003 /* RubyExampleComposeApp.xcframework */,
			);
			name = Frameworks;
			sourceTree = "<group>";
		};
		A40000010000000000000004 /* Products */ = {
			isa = PBXGroup;
			children = (
				A20000010000000000000004 /* RubyKmpPlayerExample.app */,
			);
			name = Products;
			sourceTree = "<group>";
		};
/* End PBXGroup section */

/* Begin PBXNativeTarget section */
		A50000010000000000000001 /* RubyKmpPlayerExample */ = {
			isa = PBXNativeTarget;
			buildConfigurationList = A60000010000000000000002 /* Build configuration list for PBXNativeTarget "RubyKmpPlayerExample" */;
			buildPhases = (
				A30000010000000000000002 /* Sources */,
				A30000010000000000000001 /* Frameworks */,
				A30000010000000000000003 /* Resources */,
			);
			buildRules = (
			);
			dependencies = (
			);
			name = RubyKmpPlayerExample;
			productName = RubyKmpPlayerExample;
			productReference = A20000010000000000000004 /* RubyKmpPlayerExample.app */;
			productType = "com.apple.product-type.application";
		};
/* End PBXNativeTarget section */

/* Begin PBXProject section */
		A70000010000000000000001 /* Project object */ = {
			isa = PBXProject;
			attributes = {
				BuildIndependentTargetsInParallel = 1;
				LastUpgradeCheck = 2650;
				TargetAttributes = {
					A50000010000000000000001 = {
						CreatedOnToolsVersion = 26.5;
					};
				};
			};
			buildConfigurationList = A60000010000000000000001 /* Build configuration list for PBXProject "RubyKmpPlayerExample" */;
			compatibilityVersion = "Xcode 16.0";
			developmentRegion = en;
			hasScannedForEncodings = 0;
			knownRegions = (
				en,
				Base,
			);
			mainGroup = A40000010000000000000001;
			productRefGroup = A40000010000000000000004 /* Products */;
			projectDirPath = "";
			projectRoot = "";
			targets = (
				A50000010000000000000001 /* RubyKmpPlayerExample */,
			);
		};
/* End PBXProject section */

/* Begin PBXResourcesBuildPhase section */
		A30000010000000000000003 /* Resources */ = {
			isa = PBXResourcesBuildPhase;
			buildActionMask = 2147483647;
			files = (
			);
			runOnlyForDeploymentPostprocessing = 0;
		};
/* End PBXResourcesBuildPhase section */

/* Begin PBXSourcesBuildPhase section */
		A30000010000000000000002 /* Sources */ = {
			isa = PBXSourcesBuildPhase;
			buildActionMask = 2147483647;
			files = (
				A10000010000000000000001 /* ContentView.swift in Sources */,
				A10000010000000000000002 /* RubyKmpPlayerExampleApp.swift in Sources */,
			);
			runOnlyForDeploymentPostprocessing = 0;
		};
/* End PBXSourcesBuildPhase section */

/* Begin XCBuildConfiguration section */
		A80000010000000000000001 /* Debug */ = {
			isa = XCBuildConfiguration;
			buildSettings = {
				ALWAYS_SEARCH_USER_PATHS = NO;
				CLANG_ENABLE_MODULES = YES;
				SWIFT_OPTIMIZATION_LEVEL = "-Onone";
			};
			name = Debug;
		};
		A80000010000000000000002 /* Release */ = {
			isa = XCBuildConfiguration;
			buildSettings = {
				ALWAYS_SEARCH_USER_PATHS = NO;
				CLANG_ENABLE_MODULES = YES;
				SWIFT_OPTIMIZATION_LEVEL = "-O";
			};
			name = Release;
		};
		A80000010000000000000003 /* Debug */ = {
			isa = XCBuildConfiguration;
			buildSettings = {
				ARCHS = arm64;
				ASSETCATALOG_COMPILER_APPICON_NAME = AppIcon;
				CODE_SIGN_STYLE = Automatic;
				CURRENT_PROJECT_VERSION = 1;
				DEVELOPMENT_TEAM = BH9XTPZLJN;
				FRAMEWORK_SEARCH_PATHS = (
					"$(inherited)",
					"$(PROJECT_DIR)/../example/composeApp/build/xcode-frameworks/debug",
				);
				"LIBRARY_SEARCH_PATHS[sdk=iphoneos*]" = "$(inherited) $(PROJECT_DIR)/../library/build/ruby-avplayer-bridge/arm64-apple-ios15.0";
				"LIBRARY_SEARCH_PATHS[sdk=iphonesimulator*]" = "$(inherited) $(PROJECT_DIR)/../library/build/ruby-avplayer-bridge/arm64-apple-ios15.0-simulator";
				INFOPLIST_FILE = Info.plist;
				IPHONEOS_DEPLOYMENT_TARGET = 15.0;
				LD_RUNPATH_SEARCH_PATHS = (
					"$(inherited)",
					"@executable_path/Frameworks",
				);
				OTHER_LDFLAGS = (
					"$(inherited)",
					"-framework",
					RubyExampleComposeApp,
					"-lRubyAVPlayerBridge",
					"-framework",
					CoreMedia,
				);
				PRODUCT_BUNDLE_IDENTIFIER = io.github.rubywai.rubykmpplayer.example;
				PRODUCT_NAME = "$(TARGET_NAME)";
				SUPPORTED_PLATFORMS = "iphoneos iphonesimulator";
				SWIFT_VERSION = 5.0;
				TARGETED_DEVICE_FAMILY = "1,2";
			};
			name = Debug;
		};
		A80000010000000000000004 /* Release */ = {
			isa = XCBuildConfiguration;
			buildSettings = {
				ARCHS = arm64;
				ASSETCATALOG_COMPILER_APPICON_NAME = AppIcon;
				CODE_SIGN_STYLE = Automatic;
				CURRENT_PROJECT_VERSION = 1;
				DEVELOPMENT_TEAM = BH9XTPZLJN;
				FRAMEWORK_SEARCH_PATHS = (
					"$(inherited)",
					"$(PROJECT_DIR)/../example/composeApp/build/xcode-frameworks/debug",
				);
				"LIBRARY_SEARCH_PATHS[sdk=iphoneos*]" = "$(inherited) $(PROJECT_DIR)/../library/build/ruby-avplayer-bridge/arm64-apple-ios15.0";
				"LIBRARY_SEARCH_PATHS[sdk=iphonesimulator*]" = "$(inherited) $(PROJECT_DIR)/../library/build/ruby-avplayer-bridge/arm64-apple-ios15.0-simulator";
				INFOPLIST_FILE = Info.plist;
				IPHONEOS_DEPLOYMENT_TARGET = 15.0;
				LD_RUNPATH_SEARCH_PATHS = (
					"$(inherited)",
					"@executable_path/Frameworks",
				);
				OTHER_LDFLAGS = (
					"$(inherited)",
					"-framework",
					RubyExampleComposeApp,
					"-lRubyAVPlayerBridge",
					"-framework",
					CoreMedia,
				);
				PRODUCT_BUNDLE_IDENTIFIER = io.github.rubywai.rubykmpplayer.example;
				PRODUCT_NAME = "$(TARGET_NAME)";
				SUPPORTED_PLATFORMS = "iphoneos iphonesimulator";
				SWIFT_VERSION = 5.0;
				TARGETED_DEVICE_FAMILY = "1,2";
			};
			name = Release;
		};
/* End XCBuildConfiguration section */

/* Begin XCConfigurationList section */
		A60000010000000000000001 /* Build configuration list for PBXProject "RubyKmpPlayerExample" */ = {
			isa = XCConfigurationList;
			buildConfigurations = (
				A80000010000000000000001 /* Debug */,
				A80000010000000000000002 /* Release */,
			);
			defaultConfigurationIsVisible = 0;
			defaultConfigurationName = Release;
		};
		A60000010000000000000002 /* Build configuration list for PBXNativeTarget "RubyKmpPlayerExample" */ = {
			isa = XCConfigurationList;
			buildConfigurations = (
				A80000010000000000000003 /* Debug */,
				A80000010000000000000004 /* Release */,
			);
			defaultConfigurationIsVisible = 0;
			defaultConfigurationName = Release;
		};
/* End XCConfigurationList section */
	};
	rootObject = A70000010000000000000001 /* Project object */;
}
